{
  "requires": true,
  "lockfileVersion": 1,
  "dependencies": {
    "ihatethisstupidnazvaniefixpls": {
      "version": "1.0.0",
      "resolved": "https://registry.npmjs.org/ihatethisstupidnazvaniefixpls/-/ihatethisstupidnazvaniefixpls-1.0.0.tgz",
      "integrity": "sha512-UamWmlhHhLo6hPUzyZ67EoHYD/XE9LVZkl7qtmqDpAjQMME+A/H8dUWrYr2XT0g1oh1y9LGw/N3kZ6TNJdxarQ=="
    }
  }
}
